
Microsoft Visual Studio Solution File, Format Version 12.00
# Visual Studio Version 17
VisualStudioVersion = 17.14.36310.24 d17.14
MinimumVisualStudioVersion = 10.0.40219.1
Project("{FAE04EC0-301F-11D3-BF4B-00C04F79EFBC}") = "the first assigment", "the first assigment\the first assigment.csproj", "{1F73F826-4C4A-4927-89F6-D0273A9009C6}"
EndProject
Global
	GlobalSection(SolutionConfigurationPlatforms) = preSolution
		Debug|Any CPU = Debug|Any CPU
		Release|Any CPU = Release|Any CPU
	EndGlobalSection
	GlobalSection(ProjectConfigurationPlatforms) = postSolution
		{1F73F826-4C4A-4927-89F6-D0273A9009C6}.Debug|Any CPU.ActiveCfg = Debug|Any CPU
		{1F73F826-4C4A-4927-89F6-D0273A9009C6}.Debug|Any CPU.Build.0 = Debug|Any CPU
		{1F73F826-4C4A-4927-89F6-D0273A9009C6}.Release|Any CPU.ActiveCfg = Release|Any CPU
		{1F73F826-4C4A-4927-89F6-D0273A9009C6}.Release|Any CPU.Build.0 = Release|Any CPU
	EndGlobalSection
	GlobalSection(SolutionProperties) = preSolution
		HideSolutionNode = FALSE
	EndGlobalSection
	GlobalSection(ExtensibilityGlobals) = postSolution
		SolutionGuid = {3126833D-3F53-44A7-8FE1-958B5F7A5EAF}
	EndGlobalSection
EndGlobal
